
Microsoft Visual Studio Solution File, Format Version 12.00
Project("{FAE04EC0-301F-11D3-BF4B-00C04F79EFBC}") = "Interfaces Ex1", "Interfaces Ex1\Interfaces Ex1.csproj", "{0D68FB68-459F-467A-863B-27458477F8C8}"
EndProject
Global
	GlobalSection(SolutionConfigurationPlatforms) = preSolution
		Debug|Any CPU = Debug|Any CPU
		Release|Any CPU = Release|Any CPU
	EndGlobalSection
	GlobalSection(ProjectConfigurationPlatforms) = postSolution
		{0D68FB68-459F-467A-863B-27458477F8C8}.Debug|Any CPU.ActiveCfg = Debug|Any CPU
		{0D68FB68-459F-467A-863B-27458477F8C8}.Debug|Any CPU.Build.0 = Debug|Any CPU
		{0D68FB68-459F-467A-863B-27458477F8C8}.Release|Any CPU.ActiveCfg = Release|Any CPU
		{0D68FB68-459F-467A-863B-27458477F8C8}.Release|Any CPU.Build.0 = Release|Any CPU
	EndGlobalSection
EndGlobal
